// !$*UTF8*$!
{
	archiveVersion = 1;
	classes = {
	};
	objectVersion = 46;
	objects = {

/* Begin PBXBuildFile section */
		A9157E161725A20C0001DACE /* loadingImage.png in Resources */ = {isa = PBXBuildFile; fileRef = A9157E151725A20C0001DACE /* loadingImage.png */; };
		A9157E181725A3180001DACE /* Senza titolo-1.png in Resources */ = {isa = PBXBuildFile; fileRef = A9157E171725A3180001DACE /* Senza titolo-1.png */; };
		A91D03B017241D7900428605 /* LibFetchData.m in Sources */ = {isa = PBXBuildFile; fileRef = A91D03AF17241D7900428605 /* LibFetchData.m */; };
		A91D03B317241F7B00428605 /* TestLibFetchData.m in Sources */ = {isa = PBXBuildFile; fileRef = A91D03B217241F7B00428605 /* TestLibFetchData.m */; };
		A926C757172F0B2600244B77 /* 07-map-marker.png in Resources */ = {isa = PBXBuildFile; fileRef = A926C756172F0B2600244B77 /* 07-map-marker.png */; };
		A926C759172F0B5800244B77 /* globe.png in Resources */ = {isa = PBXBuildFile; fileRef = A926C758172F0B5800244B77 /* globe.png */; };
		A926C75B172F0B6500244B77 /* 33-cabinet.png in Resources */ = {isa = PBXBuildFile; fileRef = A926C75A172F0B6500244B77 /* 33-cabinet.png */; };
		A926C760172F0BD800244B77 /* globe@2x.png in Resources */ = {isa = PBXBuildFile; fileRef = A926C75F172F0BD800244B77 /* globe@2x.png */; };
		A95089041703474B006AC00F /* Annotation.m in Sources */ = {isa = PBXBuildFile; fileRef = A95089031703474B006AC00F /* Annotation.m */; };
		A950890A17034EF9006AC00F /* InfoViewController.m in Sources */ = {isa = PBXBuildFile; fileRef = A950890917034EF9006AC00F /* InfoViewController.m */; };
		A950890E17035A9F006AC00F /* DetailViewController.m in Sources */ = {isa = PBXBuildFile; fileRef = A950890D17035A9F006AC00F /* DetailViewController.m */; };
		A9656AFD17380BAC0004F1F1 /* TestDatabase.m in Sources */ = {isa = PBXBuildFile; fileRef = A9656AFC17380BAC0004F1F1 /* TestDatabase.m */; };
		A9656B02173824490004F1F1 /* TestFirstViewController.m in Sources */ = {isa = PBXBuildFile; fileRef = A9656B01173824490004F1F1 /* TestFirstViewController.m */; };
		A97E39C9170D82F90089F4A7 /* ProvaViewController.m in Sources */ = {isa = PBXBuildFile; fileRef = A97E39C8170D82F90089F4A7 /* ProvaViewController.m */; };
		A98B3D4E172B277C001EAC04 /* Default-568h@2x.png in Resources */ = {isa = PBXBuildFile; fileRef = A98B3D4B172B277C001EAC04 /* Default-568h@2x.png */; };
		A98B3D4F172B277C001EAC04 /* Default.png in Resources */ = {isa = PBXBuildFile; fileRef = A98B3D4C172B277C001EAC04 /* Default.png */; };
		A98B3D50172B277C001EAC04 /* Default@2x.png in Resources */ = {isa = PBXBuildFile; fileRef = A98B3D4D172B277C001EAC04 /* Default@2x.png */; };
		A98B3D52172B2C15001EAC04 /* dae.png in Resources */ = {isa = PBXBuildFile; fileRef = A98B3D51172B2C14001EAC04 /* dae.png */; };
		A98B3D54172B2DFD001EAC04 /* dae2.png in Resources */ = {isa = PBXBuildFile; fileRef = A98B3D53172B2DFD001EAC04 /* dae2.png */; };
		A98DE3811702430D00604EEF /* libsqlite3.0.dylib in Frameworks */ = {isa = PBXBuildFile; fileRef = A98DE3801702430D00604EEF /* libsqlite3.0.dylib */; };
		A98DE3841702431D00604EEF /* Database.m in Sources */ = {isa = PBXBuildFile; fileRef = A98DE3831702431D00604EEF /* Database.m */; };
		A998117C171AF42F00DA20AC /* dae114x114.png in Resources */ = {isa = PBXBuildFile; fileRef = A998117B171AF42F00DA20AC /* dae114x114.png */; };
		A998117E171AF46800DA20AC /* dae57x57.png in Resources */ = {isa = PBXBuildFile; fileRef = A998117D171AF46800DA20AC /* dae57x57.png */; };
		A9981181171AF48100DA20AC /* main.m in Sources */ = {isa = PBXBuildFile; fileRef = A9A3145617023A7C0081BC88 /* main.m */; };
		A9981182171AF48100DA20AC /* AppDelegate.m in Sources */ = {isa = PBXBuildFile; fileRef = A9A3145A17023A7C0081BC88 /* AppDelegate.m */; };
		A9981183171AF48100DA20AC /* FirstViewController.m in Sources */ = {isa = PBXBuildFile; fileRef = A9A3146617023A7C0081BC88 /* FirstViewController.m */; };
		A9981184171AF48100DA20AC /* SecondViewController.m in Sources */ = {isa = PBXBuildFile; fileRef = A9A3146D17023A7C0081BC88 /* SecondViewController.m */; };
		A9981185171AF48100DA20AC /* LibLocation.m in Sources */ = {isa = PBXBuildFile; fileRef = A9A3149517023D130081BC88 /* LibLocation.m */; };
		A9981186171AF48100DA20AC /* LibMap.m in Sources */ = {isa = PBXBuildFile; fileRef = A9A314C917023E810081BC88 /* LibMap.m */; };
		A9981187171AF48100DA20AC /* Database.m in Sources */ = {isa = PBXBuildFile; fileRef = A98DE3831702431D00604EEF /* Database.m */; };
		A9981188171AF48100DA20AC /* Annotation.m in Sources */ = {isa = PBXBuildFile; fileRef = A95089031703474B006AC00F /* Annotation.m */; };
		A9981189171AF48100DA20AC /* InfoViewController.m in Sources */ = {isa = PBXBuildFile; fileRef = A950890917034EF9006AC00F /* InfoViewController.m */; };
		A998118A171AF48100DA20AC /* DetailViewController.m in Sources */ = {isa = PBXBuildFile; fileRef = A950890D17035A9F006AC00F /* DetailViewController.m */; };
		A998118B171AF48100DA20AC /* ProvaViewController.m in Sources */ = {isa = PBXBuildFile; fileRef = A97E39C8170D82F90089F4A7 /* ProvaViewController.m */; };
		A998118D171AF48100DA20AC /* libsqlite3.0.dylib in Frameworks */ = {isa = PBXBuildFile; fileRef = A98DE3801702430D00604EEF /* libsqlite3.0.dylib */; };
		A998118E171AF48100DA20AC /* CoreLocation.framework in Frameworks */ = {isa = PBXBuildFile; fileRef = A9A3149217023B900081BC88 /* CoreLocation.framework */; };
		A998118F171AF48100DA20AC /* MapKit.framework in Frameworks */ = {isa = PBXBuildFile; fileRef = A9A3149017023B240081BC88 /* MapKit.framework */; };
		A9981190171AF48100DA20AC /* UIKit.framework in Frameworks */ = {isa = PBXBuildFile; fileRef = A9A3144A17023A7C0081BC88 /* UIKit.framework */; };
		A9981191171AF48100DA20AC /* Foundation.framework in Frameworks */ = {isa = PBXBuildFile; fileRef = A9A3144C17023A7C0081BC88 /* Foundation.framework */; };
		A9981192171AF48100DA20AC /* CoreGraphics.framework in Frameworks */ = {isa = PBXBuildFile; fileRef = A9A3144E17023A7C0081BC88 /* CoreGraphics.framework */; };
		A9981194171AF48100DA20AC /* InfoPlist.strings in Resources */ = {isa = PBXBuildFile; fileRef = A9A3145317023A7C0081BC88 /* InfoPlist.strings */; };
		A9981195171AF48100DA20AC /* Default.png in Resources */ = {isa = PBXBuildFile; fileRef = A9A3145C17023A7C0081BC88 /* Default.png */; };
		A9981196171AF48100DA20AC /* Default@2x.png in Resources */ = {isa = PBXBuildFile; fileRef = A9A3145E17023A7C0081BC88 /* Default@2x.png */; };
		A9981197171AF48100DA20AC /* Default-568h@2x.png in Resources */ = {isa = PBXBuildFile; fileRef = A9A3146017023A7C0081BC88 /* Default-568h@2x.png */; };
		A9981198171AF48100DA20AC /* MainStoryboard.storyboard in Resources */ = {isa = PBXBuildFile; fileRef = A9A3146217023A7C0081BC88 /* MainStoryboard.storyboard */; };
		A9981199171AF48100DA20AC /* first.png in Resources */ = {isa = PBXBuildFile; fileRef = A9A3146817023A7C0081BC88 /* first.png */; };
		A998119A171AF48100DA20AC /* first@2x.png in Resources */ = {isa = PBXBuildFile; fileRef = A9A3146A17023A7C0081BC88 /* first@2x.png */; };
		A998119B171AF48100DA20AC /* second.png in Resources */ = {isa = PBXBuildFile; fileRef = A9A3146F17023A7C0081BC88 /* second.png */; };
		A998119C171AF48100DA20AC /* second@2x.png in Resources */ = {isa = PBXBuildFile; fileRef = A9A3147117023A7C0081BC88 /* second@2x.png */; };
		A998119D171AF48100DA20AC /* Database.rtf in Resources */ = {isa = PBXBuildFile; fileRef = A99F523E170C261000EB15E4 /* Database.rtf */; };
		A998119E171AF48100DA20AC /* dae114x114.png in Resources */ = {isa = PBXBuildFile; fileRef = A998117B171AF42F00DA20AC /* dae114x114.png */; };
		A998119F171AF48100DA20AC /* dae57x57.png in Resources */ = {isa = PBXBuildFile; fileRef = A998117D171AF46800DA20AC /* dae57x57.png */; };
		A99811A6171C044200DA20AC /* loadingView.png in Resources */ = {isa = PBXBuildFile; fileRef = A99811A5171C044200DA20AC /* loadingView.png */; };
		A99F523F170C261000EB15E4 /* Database.rtf in Resources */ = {isa = PBXBuildFile; fileRef = A99F523E170C261000EB15E4 /* Database.rtf */; };
		A9A1F7A8171DF629008401FD /* CoreLocation.framework in Frameworks */ = {isa = PBXBuildFile; fileRef = A9A3149217023B900081BC88 /* CoreLocation.framework */; };
		A9A3144B17023A7C0081BC88 /* UIKit.framework in Frameworks */ = {isa = PBXBuildFile; fileRef = A9A3144A17023A7C0081BC88 /* UIKit.framework */; };
		A9A3144D17023A7C0081BC88 /* Foundation.framework in Frameworks */ = {isa = PBXBuildFile; fileRef = A9A3144C17023A7C0081BC88 /* Foundation.framework */; };
		A9A3144F17023A7C0081BC88 /* CoreGraphics.framework in Frameworks */ = {isa = PBXBuildFile; fileRef = A9A3144E17023A7C0081BC88 /* CoreGraphics.framework */; };
		A9A3145517023A7C0081BC88 /* InfoPlist.strings in Resources */ = {isa = PBXBuildFile; fileRef = A9A3145317023A7C0081BC88 /* InfoPlist.strings */; };
		A9A3145717023A7C0081BC88 /* main.m in Sources */ = {isa = PBXBuildFile; fileRef = A9A3145617023A7C0081BC88 /* main.m */; };
		A9A3145B17023A7C0081BC88 /* AppDelegate.m in Sources */ = {isa = PBXBuildFile; fileRef = A9A3145A17023A7C0081BC88 /* AppDelegate.m */; };
		A9A3145D17023A7C0081BC88 /* Default.png in Resources */ = {isa = PBXBuildFile; fileRef = A9A3145C17023A7C0081BC88 /* Default.png */; };
		A9A3145F17023A7C0081BC88 /* Default@2x.png in Resources */ = {isa = PBXBuildFile; fileRef = A9A3145E17023A7C0081BC88 /* Default@2x.png */; };
		A9A3146117023A7C0081BC88 /* Default-568h@2x.png in Resources */ = {isa = PBXBuildFile; fileRef = A9A3146017023A7C0081BC88 /* Default-568h@2x.png */; };
		A9A3146417023A7C0081BC88 /* MainStoryboard.storyboard in Resources */ = {isa = PBXBuildFile; fileRef = A9A3146217023A7C0081BC88 /* MainStoryboard.storyboard */; };
		A9A3146717023A7C0081BC88 /* FirstViewController.m in Sources */ = {isa = PBXBuildFile; fileRef = A9A3146617023A7C0081BC88 /* FirstViewController.m */; };
		A9A3146917023A7C0081BC88 /* first.png in Resources */ = {isa = PBXBuildFile; fileRef = A9A3146817023A7C0081BC88 /* first.png */; };
		A9A3146B17023A7C0081BC88 /* first@2x.png in Resources */ = {isa = PBXBuildFile; fileRef = A9A3146A17023A7C0081BC88 /* first@2x.png */; };
		A9A3146E17023A7C0081BC88 /* SecondViewController.m in Sources */ = {isa = PBXBuildFile; fileRef = A9A3146D17023A7C0081BC88 /* SecondViewController.m */; };
		A9A3147017023A7C0081BC88 /* second.png in Resources */ = {isa = PBXBuildFile; fileRef = A9A3146F17023A7C0081BC88 /* second.png */; };
		A9A3147217023A7C0081BC88 /* second@2x.png in Resources */ = {isa = PBXBuildFile; fileRef = A9A3147117023A7C0081BC88 /* second@2x.png */; };
		A9A3147A17023A7C0081BC88 /* SenTestingKit.framework in Frameworks */ = {isa = PBXBuildFile; fileRef = A9A3147917023A7C0081BC88 /* SenTestingKit.framework */; };
		A9A3147B17023A7C0081BC88 /* UIKit.framework in Frameworks */ = {isa = PBXBuildFile; fileRef = A9A3144A17023A7C0081BC88 /* UIKit.framework */; };
		A9A3147C17023A7C0081BC88 /* Foundation.framework in Frameworks */ = {isa = PBXBuildFile; fileRef = A9A3144C17023A7C0081BC88 /* Foundation.framework */; };
		A9A3148417023A7C0081BC88 /* InfoPlist.strings in Resources */ = {isa = PBXBuildFile; fileRef = A9A3148217023A7C0081BC88 /* InfoPlist.strings */; };
		A9A3148717023A7C0081BC88 /* myVitaTests.m in Sources */ = {isa = PBXBuildFile; fileRef = A9A3148617023A7C0081BC88 /* myVitaTests.m */; };
		A9A3149117023B240081BC88 /* MapKit.framework in Frameworks */ = {isa = PBXBuildFile; fileRef = A9A3149017023B240081BC88 /* MapKit.framework */; };
		A9A3149317023B900081BC88 /* CoreLocation.framework in Frameworks */ = {isa = PBXBuildFile; fileRef = A9A3149217023B900081BC88 /* CoreLocation.framework */; };
		A9A3149617023D130081BC88 /* LibLocation.m in Sources */ = {isa = PBXBuildFile; fileRef = A9A3149517023D130081BC88 /* LibLocation.m */; };
		A9A314CA17023E810081BC88 /* LibMap.m in Sources */ = {isa = PBXBuildFile; fileRef = A9A314C917023E810081BC88 /* LibMap.m */; };
		A9C580BA171C663300F60071 /* greenColor.png in Resources */ = {isa = PBXBuildFile; fileRef = A9C580B9171C663300F60071 /* greenColor.png */; };
		A9C580C5171C67C500F60071 /* greenColor1.png in Resources */ = {isa = PBXBuildFile; fileRef = A9C580C4171C67C500F60071 /* greenColor1.png */; };
		A9D0A4DB176752500097E534 /* main.m in Sources */ = {isa = PBXBuildFile; fileRef = A9A3145617023A7C0081BC88 /* main.m */; };
		A9D0A4DC176752500097E534 /* AppDelegate.m in Sources */ = {isa = PBXBuildFile; fileRef = A9A3145A17023A7C0081BC88 /* AppDelegate.m */; };
		A9D0A4DD176752500097E534 /* FirstViewController.m in Sources */ = {isa = PBXBuildFile; fileRef = A9A3146617023A7C0081BC88 /* FirstViewController.m */; };
		A9D0A4DE176752500097E534 /* SecondViewController.m in Sources */ = {isa = PBXBuildFile; fileRef = A9A3146D17023A7C0081BC88 /* SecondViewController.m */; };
		A9D0A4DF176752500097E534 /* LibLocation.m in Sources */ = {isa = PBXBuildFile; fileRef = A9A3149517023D130081BC88 /* LibLocation.m */; };
		A9D0A4E0176752500097E534 /* LibMap.m in Sources */ = {isa = PBXBuildFile; fileRef = A9A314C917023E810081BC88 /* LibMap.m */; };
		A9D0A4E1176752500097E534 /* Database.m in Sources */ = {isa = PBXBuildFile; fileRef = A98DE3831702431D00604EEF /* Database.m */; };
		A9D0A4E2176752500097E534 /* Annotation.m in Sources */ = {isa = PBXBuildFile; fileRef = A95089031703474B006AC00F /* Annotation.m */; };
		A9D0A4E3176752500097E534 /* InfoViewController.m in Sources */ = {isa = PBXBuildFile; fileRef = A950890917034EF9006AC00F /* InfoViewController.m */; };
		A9D0A4E4176752500097E534 /* DetailViewController.m in Sources */ = {isa = PBXBuildFile; fileRef = A950890D17035A9F006AC00F /* DetailViewController.m */; };
		A9D0A4E5176752500097E534 /* ProvaViewController.m in Sources */ = {isa = PBXBuildFile; fileRef = A97E39C8170D82F90089F4A7 /* ProvaViewController.m */; };
		A9D0A4E6176752500097E534 /* LibFetchData.m in Sources */ = {isa = PBXBuildFile; fileRef = A91D03AF17241D7900428605 /* LibFetchData.m */; };
		A9D0A4E8176752500097E534 /* libsqlite3.0.dylib in Frameworks */ = {isa = PBXBuildFile; fileRef = A98DE3801702430D00604EEF /* libsqlite3.0.dylib */; };
		A9D0A4E9176752500097E534 /* CoreLocation.framework in Frameworks */ = {isa = PBXBuildFile; fileRef = A9A3149217023B900081BC88 /* CoreLocation.framework */; };
		A9D0A4EA176752500097E534 /* MapKit.framework in Frameworks */ = {isa = PBXBuildFile; fileRef = A9A3149017023B240081BC88 /* MapKit.framework */; };
		A9D0A4EB176752500097E534 /* UIKit.framework in Frameworks */ = {isa = PBXBuildFile; fileRef = A9A3144A17023A7C0081BC88 /* UIKit.framework */; };
		A9D0A4EC176752500097E534 /* Foundation.framework in Frameworks */ = {isa = PBXBuildFile; fileRef = A9A3144C17023A7C0081BC88 /* Foundation.framework */; };
		A9D0A4ED176752500097E534 /* CoreGraphics.framework in Frameworks */ = {isa = PBXBuildFile; fileRef = A9A3144E17023A7C0081BC88 /* CoreGraphics.framework */; };
		A9D0A4EF176752500097E534 /* InfoPlist.strings in Resources */ = {isa = PBXBuildFile; fileRef = A9A3145317023A7C0081BC88 /* InfoPlist.strings */; };
		A9D0A4F0176752500097E534 /* Default.png in Resources */ = {isa = PBXBuildFile; fileRef = A9A3145C17023A7C0081BC88 /* Default.png */; };
		A9D0A4F1176752500097E534 /* Default@2x.png in Resources */ = {isa = PBXBuildFile; fileRef = A9A3145E17023A7C0081BC88 /* Default@2x.png */; };
		A9D0A4F2176752500097E534 /* Default-568h@2x.png in Resources */ = {isa = PBXBuildFile; fileRef = A9A3146017023A7C0081BC88 /* Default-568h@2x.png */; };
		A9D0A4F3176752500097E534 /* MainStoryboard.storyboard in Resources */ = {isa = PBXBuildFile; fileRef = A9A3146217023A7C0081BC88 /* MainStoryboard.storyboard */; };
		A9D0A4F4176752500097E534 /* first.png in Resources */ = {isa = PBXBuildFile; fileRef = A9A3146817023A7C0081BC88 /* first.png */; };
		A9D0A4F5176752500097E534 /* first@2x.png in Resources */ = {isa = PBXBuildFile; fileRef = A9A3146A17023A7C0081BC88 /* first@2x.png */; };
		A9D0A4F6176752500097E534 /* second.png in Resources */ = {isa = PBXBuildFile; fileRef = A9A3146F17023A7C0081BC88 /* second.png */; };
		A9D0A4F7176752500097E534 /* second@2x.png in Resources */ = {isa = PBXBuildFile; fileRef = A9A3147117023A7C0081BC88 /* second@2x.png */; };
		A9D0A4F8176752500097E534 /* Database.rtf in Resources */ = {isa = PBXBuildFile; fileRef = A99F523E170C261000EB15E4 /* Database.rtf */; };
		A9D0A4F9176752500097E534 /* dae114x114.png in Resources */ = {isa = PBXBuildFile; fileRef = A998117B171AF42F00DA20AC /* dae114x114.png */; };
		A9D0A4FA176752500097E534 /* dae57x57.png in Resources */ = {isa = PBXBuildFile; fileRef = A998117D171AF46800DA20AC /* dae57x57.png */; };
		A9D0A4FB176752500097E534 /* loadingView.png in Resources */ = {isa = PBXBuildFile; fileRef = A99811A5171C044200DA20AC /* loadingView.png */; };
		A9D0A4FC176752500097E534 /* greenColor.png in Resources */ = {isa = PBXBuildFile; fileRef = A9C580B9171C663300F60071 /* greenColor.png */; };
		A9D0A4FD176752500097E534 /* greenColor1.png in Resources */ = {isa = PBXBuildFile; fileRef = A9C580C4171C67C500F60071 /* greenColor1.png */; };
		A9D0A4FE176752500097E534 /* loadingImage.png in Resources */ = {isa = PBXBuildFile; fileRef = A9157E151725A20C0001DACE /* loadingImage.png */; };
		A9D0A4FF176752500097E534 /* Senza titolo-1.png in Resources */ = {isa = PBXBuildFile; fileRef = A9157E171725A3180001DACE /* Senza titolo-1.png */; };
		A9D0A500176752500097E534 /* Default-568h@2x.png in Resources */ = {isa = PBXBuildFile; fileRef = A98B3D4B172B277C001EAC04 /* Default-568h@2x.png */; };
		A9D0A501176752500097E534 /* Default.png in Resources */ = {isa = PBXBuildFile; fileRef = A98B3D4C172B277C001EAC04 /* Default.png */; };
		A9D0A502176752500097E534 /* Default@2x.png in Resources */ = {isa = PBXBuildFile; fileRef = A98B3D4D172B277C001EAC04 /* Default@2x.png */; };
		A9D0A503176752500097E534 /* dae.png in Resources */ = {isa = PBXBuildFile; fileRef = A98B3D51172B2C14001EAC04 /* dae.png */; };
		A9D0A504176752500097E534 /* dae2.png in Resources */ = {isa = PBXBuildFile; fileRef = A98B3D53172B2DFD001EAC04 /* dae2.png */; };
		A9D0A505176752500097E534 /* 07-map-marker.png in Resources */ = {isa = PBXBuildFile; fileRef = A926C756172F0B2600244B77 /* 07-map-marker.png */; };
		A9D0A506176752500097E534 /* globe.png in Resources */ = {isa = PBXBuildFile; fileRef = A926C758172F0B5800244B77 /* globe.png */; };
		A9D0A507176752500097E534 /* 33-cabinet.png in Resources */ = {isa = PBXBuildFile; fileRef = A926C75A172F0B6500244B77 /* 33-cabinet.png */; };
		A9D0A508176752500097E534 /* globe@2x.png in Resources */ = {isa = PBXBuildFile; fileRef = A926C75F172F0BD800244B77 /* globe@2x.png */; };
		A9D0A50F176752B40097E534 /* Logo Progetto Vita-114x114.png in Resources */ = {isa = PBXBuildFile; fileRef = A9D0A50E176752B40097E534 /* Logo Progetto Vita-114x114.png */; };
		A9D0A511176752D70097E534 /* Logo Progetto Vita57x57.png in Resources */ = {isa = PBXBuildFile; fileRef = A9D0A510176752D70097E534 /* Logo Progetto Vita57x57.png */; };
/* End PBXBuildFile section */

/* Begin PBXContainerItemProxy section */
		A9A3147D17023A7C0081BC88 /* PBXContainerItemProxy */ = {
			isa = PBXContainerItemProxy;
			containerPortal = A9A3143F17023A7C0081BC88 /* Project object */;
			proxyType = 1;
			remoteGlobalIDString = A9A3144617023A7C0081BC88;
			remoteInfo = myVita;
		};
/* End PBXContainerItemProxy section */

/* Begin PBXFileReference section */
		A9157E151725A20C0001DACE /* loadingImage.png */ = {isa = PBXFileReference; lastKnownFileType = image.png; path = loadingImage.png; sourceTree = "<group>"; };
		A9157E171725A3180001DACE /* Senza titolo-1.png */ = {isa = PBXFileReference; lastKnownFileType = image.png; path = "Senza titolo-1.png"; sourceTree = "<group>"; };
		A91D03AE17241D7900428605 /* LibFetchData.h */ = {isa = PBXFileReference; fileEncoding = 4; lastKnownFileType = sourcecode.c.h; path = LibFetchData.h; sourceTree = "<group>"; };
		A91D03AF17241D7900428605 /* LibFetchData.m */ = {isa = PBXFileReference; fileEncoding = 4; lastKnownFileType = sourcecode.c.objc; path = LibFetchData.m; sourceTree = "<group>"; };
		A91D03B117241F7B00428605 /* TestLibFetchData.h */ = {isa = PBXFileReference; fileEncoding = 4; lastKnownFileType = sourcecode.c.h; path = TestLibFetchData.h; sourceTree = "<group>"; };
		A91D03B217241F7B00428605 /* TestLibFetchData.m */ = {isa = PBXFileReference; fileEncoding = 4; lastKnownFileType = sourcecode.c.objc; path = TestLibFetchData.m; sourceTree = "<group>"; };
		A926C756172F0B2600244B77 /* 07-map-marker.png */ = {isa = PBXFileReference; lastKnownFileType = image.png; path = "07-map-marker.png"; sourceTree = "<group>"; };
		A926C758172F0B5800244B77 /* globe.png */ = {isa = PBXFileReference; lastKnownFileType = image.png; path = globe.png; sourceTree = "<group>"; };
		A926C75A172F0B6500244B77 /* 33-cabinet.png */ = {isa = PBXFileReference; lastKnownFileType = image.png; path = "33-cabinet.png"; sourceTree = "<group>"; };
		A926C75F172F0BD800244B77 /* globe@2x.png */ = {isa = PBXFileReference; lastKnownFileType = image.png; path = "globe@2x.png"; sourceTree = "<group>"; };
		A95089021703474B006AC00F /* Annotation.h */ = {isa = PBXFileReference; fileEncoding = 4; lastKnownFileType = sourcecode.c.h; path = Annotation.h; sourceTree = "<group>"; };
		A95089031703474B006AC00F /* Annotation.m */ = {isa = PBXFileReference; fileEncoding = 4; lastKnownFileType = sourcecode.c.objc; path = Annotation.m; sourceTree = "<group>"; };
		A950890817034EF9006AC00F /* InfoViewController.h */ = {isa = PBXFileReference; fileEncoding = 4; lastKnownFileType = sourcecode.c.h; path = InfoViewController.h; sourceTree = "<group>"; };
		A950890917034EF9006AC00F /* InfoViewController.m */ = {isa = PBXFileReference; fileEncoding = 4; lastKnownFileType = sourcecode.c.objc; path = InfoViewController.m; sourceTree = "<group>"; };
		A950890C17035A9F006AC00F /* DetailViewController.h */ = {isa = PBXFileReference; fileEncoding = 4; lastKnownFileType = sourcecode.c.h; path = DetailViewController.h; sourceTree = "<group>"; };
		A950890D17035A9F006AC00F /* DetailViewController.m */ = {isa = PBXFileReference; fileEncoding = 4; lastKnownFileType = sourcecode.c.objc; path = DetailViewController.m; sourceTree = "<group>"; };
		A9656AFB17380BAB0004F1F1 /* TestDatabase.h */ = {isa = PBXFileReference; fileEncoding = 4; lastKnownFileType = sourcecode.c.h; path = TestDatabase.h; sourceTree = "<group>"; };
		A9656AFC17380BAC0004F1F1 /* TestDatabase.m */ = {isa = PBXFileReference; fileEncoding = 4; lastKnownFileType = sourcecode.c.objc; path = TestDatabase.m; sourceTree = "<group>"; };
		A9656B00173824490004F1F1 /* TestFirstViewController.h */ = {isa = PBXFileReference; fileEncoding = 4; lastKnownFileType = sourcecode.c.h; path = TestFirstViewController.h; sourceTree = "<group>"; };
		A9656B01173824490004F1F1 /* TestFirstViewController.m */ = {isa = PBXFileReference; fileEncoding = 4; lastKnownFileType = sourcecode.c.objc; path = TestFirstViewController.m; sourceTree = "<group>"; };
		A97E39C7170D82F90089F4A7 /* ProvaViewController.h */ = {isa = PBXFileReference; fileEncoding = 4; lastKnownFileType = sourcecode.c.h; path = ProvaViewController.h; sourceTree = "<group>"; };
		A97E39C8170D82F90089F4A7 /* ProvaViewController.m */ = {isa = PBXFileReference; fileEncoding = 4; lastKnownFileType = sourcecode.c.objc; path = ProvaViewController.m; sourceTree = "<group>"; };
		A98B3D4B172B277C001EAC04 /* Default-568h@2x.png */ = {isa = PBXFileReference; lastKnownFileType = image.png; path = "Default-568h@2x.png"; sourceTree = "<group>"; };
		A98B3D4C172B277C001EAC04 /* Default.png */ = {isa = PBXFileReference; lastKnownFileType = image.png; path = Default.png; sourceTree = "<group>"; };
		A98B3D4D172B277C001EAC04 /* Default@2x.png */ = {isa = PBXFileReference; lastKnownFileType = image.png; path = "Default@2x.png"; sourceTree = "<group>"; };
		A98B3D51172B2C14001EAC04 /* dae.png */ = {isa = PBXFileReference; lastKnownFileType = image.png; path = dae.png; sourceTree = "<group>"; };
		A98B3D53172B2DFD001EAC04 /* dae2.png */ = {isa = PBXFileReference; lastKnownFileType = image.png; path = dae2.png; sourceTree = "<group>"; };
		A98DE3801702430D00604EEF /* libsqlite3.0.dylib */ = {isa = PBXFileReference; lastKnownFileType = "compiled.mach-o.dylib"; name = libsqlite3.0.dylib; path = usr/lib/libsqlite3.0.dylib; sourceTree = SDKROOT; };
		A98DE3821702431D00604EEF /* Database.h */ = {isa = PBXFileReference; fileEncoding = 4; lastKnownFileType = sourcecode.c.h; path = Database.h; sourceTree = "<group>"; };
		A98DE3831702431D00604EEF /* Database.m */ = {isa = PBXFileReference; fileEncoding = 4; lastKnownFileType = sourcecode.c.objc; path = Database.m; sourceTree = "<group>"; };
		A998117B171AF42F00DA20AC /* dae114x114.png */ = {isa = PBXFileReference; lastKnownFileType = image.png; path = dae114x114.png; sourceTree = "<group>"; };
		A998117D171AF46800DA20AC /* dae57x57.png */ = {isa = PBXFileReference; lastKnownFileType = image.png; path = dae57x57.png; sourceTree = "<group>"; };
		A99811A3171AF48100DA20AC /* myVita copy.app */ = {isa = PBXFileReference; explicitFileType = wrapper.application; includeInIndex = 0; path = "myVita copy.app"; sourceTree = BUILT_PRODUCTS_DIR; };
		A99811A4171AF48100DA20AC /* myVita copy-Info.plist */ = {isa = PBXFileReference; lastKnownFileType = text.plist.xml; name = "myVita copy-Info.plist"; path = "/Users/Marco/Documents/MyProjects/myVita/myVita copy-Info.plist"; sourceTree = "<absolute>"; };
		A99811A5171C044200DA20AC /* loadingView.png */ = {isa = PBXFileReference; lastKnownFileType = image.png; path = loadingView.png; sourceTree = "<group>"; };
		A99F523E170C261000EB15E4 /* Database.rtf */ = {isa = PBXFileReference; fileEncoding = 4; lastKnownFileType = text.rtf; path = Database.rtf; sourceTree = "<group>"; };
		A9A3144717023A7C0081BC88 /* myVita.app */ = {isa = PBXFileReference; explicitFileType = wrapper.application; includeInIndex = 0; path = myVita.app; sourceTree = BUILT_PRODUCTS_DIR; };
		A9A3144A17023A7C0081BC88 /* UIKit.framework */ = {isa = PBXFileReference; lastKnownFileType = wrapper.framework; name = UIKit.framework; path = System/Library/Frameworks/UIKit.framework; sourceTree = SDKROOT; };
		A9A3144C17023A7C0081BC88 /* Foundation.framework */ = {isa = PBXFileReference; lastKnownFileType = wrapper.framework; name = Foundation.framework; path = System/Library/Frameworks/Foundation.framework; sourceTree = SDKROOT; };
		A9A3144E17023A7C0081BC88 /* CoreGraphics.framework */ = {isa = PBXFileReference; lastKnownFileType = wrapper.framework; name = CoreGraphics.framework; path = System/Library/Frameworks/CoreGraphics.framework; sourceTree = SDKROOT; };
		A9A3145217023A7C0081BC88 /* myVita-Info.plist */ = {isa = PBXFileReference; lastKnownFileType = text.plist.xml; path = "myVita-Info.plist"; sourceTree = "<group>"; };
		A9A3145417023A7C0081BC88 /* en */ = {isa = PBXFileReference; lastKnownFileType = text.plist.strings; name = en; path = en.lproj/InfoPlist.strings; sourceTree = "<group>"; };
		A9A3145617023A7C0081BC88 /* main.m */ = {isa = PBXFileReference; lastKnownFileType = sourcecode.c.objc; path = main.m; sourceTree = "<group>"; };
		A9A3145817023A7C0081BC88 /* myVita-Prefix.pch */ = {isa = PBXFileReference; lastKnownFileType = sourcecode.c.h; path = "myVita-Prefix.pch"; sourceTree = "<group>"; };
		A9A3145917023A7C0081BC88 /* AppDelegate.h */ = {isa = PBXFileReference; lastKnownFileType = sourcecode.c.h; path = AppDelegate.h; sourceTree = "<group>"; };
		A9A3145A17023A7C0081BC88 /* AppDelegate.m */ = {isa = PBXFileReference; lastKnownFileType = sourcecode.c.objc; path = AppDelegate.m; sourceTree = "<group>"; };
		A9A3145C17023A7C0081BC88 /* Default.png */ = {isa = PBXFileReference; lastKnownFileType = image.png; path = Default.png; sourceTree = "<group>"; };
		A9A3145E17023A7C0081BC88 /* Default@2x.png */ = {isa = PBXFileReference; lastKnownFileType = image.png; path = "Default@2x.png"; sourceTree = "<group>"; };
		A9A3146017023A7C0081BC88 /* Default-568h@2x.png */ = {isa = PBXFileReference; lastKnownFileType = image.png; path = "Default-568h@2x.png"; sourceTree = "<group>"; };
		A9A3146317023A7C0081BC88 /* en */ = {isa = PBXFileReference; lastKnownFileType = file.storyboard; name = en; path = en.lproj/MainStoryboard.storyboard; sourceTree = "<group>"; };
		A9A3146517023A7C0081BC88 /* FirstViewController.h */ = {isa = PBXFileReference; lastKnownFileType = sourcecode.c.h; path = FirstViewController.h; sourceTree = "<group>"; };
		A9A3146617023A7C0081BC88 /* FirstViewController.m */ = {isa = PBXFileReference; lastKnownFileType = sourcecode.c.objc; path = FirstViewController.m; sourceTree = "<group>"; };
		A9A3146817023A7C0081BC88 /* first.png */ = {isa = PBXFileReference; lastKnownFileType = image.png; path = first.png; sourceTree = "<group>"; };
		A9A3146A17023A7C0081BC88 /* first@2x.png */ = {isa = PBXFileReference; lastKnownFileType = image.png; path = "first@2x.png"; sourceTree = "<group>"; };
		A9A3146C17023A7C0081BC88 /* SecondViewController.h */ = {isa = PBXFileReference; lastKnownFileType = sourcecode.c.h; path = SecondViewController.h; sourceTree = "<group>"; };
		A9A3146D17023A7C0081BC88 /* SecondViewController.m */ = {isa = PBXFileReference; lastKnownFileType = sourcecode.c.objc; path = SecondViewController.m; sourceTree = "<group>"; };
		A9A3146F17023A7C0081BC88 /* second.png */ = {isa = PBXFileReference; lastKnownFileType = image.png; path = second.png; sourceTree = "<group>"; };
		A9A3147117023A7C0081BC88 /* second@2x.png */ = {isa = PBXFileReference; lastKnownFileType = image.png; path = "second@2x.png"; sourceTree = "<group>"; };
		A9A3147817023A7C0081BC88 /* myVitaTests.octest */ = {isa = PBXFileReference; explicitFileType = wrapper.cfbundle; includeInIndex = 0; path = myVitaTests.octest; sourceTree = BUILT_PRODUCTS_DIR; };
		A9A3147917023A7C0081BC88 /* SenTestingKit.framework */ = {isa = PBXFileReference; lastKnownFileType = wrapper.framework; name = SenTestingKit.framework; path = Library/Frameworks/SenTestingKit.framework; sourceTree = DEVELOPER_DIR; };
		A9A3148117023A7C0081BC88 /* myVitaTests-Info.plist */ = {isa = PBXFileReference; lastKnownFileType = text.plist.xml; path = "myVitaTests-Info.plist"; sourceTree = "<group>"; };
		A9A3148317023A7C0081BC88 /* en */ = {isa = PBXFileReference; lastKnownFileType = text.plist.strings; name = en; path = en.lproj/InfoPlist.strings; sourceTree = "<group>"; };
		A9A3148517023A7C0081BC88 /* myVitaTests.h */ = {isa = PBXFileReference; lastKnownFileType = sourcecode.c.h; path = myVitaTests.h; sourceTree = "<group>"; };
		A9A3148617023A7C0081BC88 /* myVitaTests.m */ = {isa = PBXFileReference; lastKnownFileType = sourcecode.c.objc; path = myVitaTests.m; sourceTree = "<group>"; };
		A9A3149017023B240081BC88 /* MapKit.framework */ = {isa = PBXFileReference; lastKnownFileType = wrapper.framework; name = MapKit.framework; path = System/Library/Frameworks/MapKit.framework; sourceTree = SDKROOT; };
		A9A3149217023B900081BC88 /* CoreLocation.framework */ = {isa = PBXFileReference; lastKnownFileType = wrapper.framework; name = CoreLocation.framework; path = System/Library/Frameworks/CoreLocation.framework; sourceTree = SDKROOT; };
		A9A3149417023D130081BC88 /* LibLocation.h */ = {isa = PBXFileReference; fileEncoding = 4; lastKnownFileType = sourcecode.c.h; path = LibLocation.h; sourceTree = "<group>"; };
		A9A3149517023D130081BC88 /* LibLocation.m */ = {isa = PBXFileReference; fileEncoding = 4; lastKnownFileType = sourcecode.c.objc; path = LibLocation.m; sourceTree = "<group>"; };
		A9A314C817023E810081BC88 /* LibMap.h */ = {isa = PBXFileReference; fileEncoding = 4; lastKnownFileType = sourcecode.c.h; path = LibMap.h; sourceTree = "<group>"; };
		A9A314C917023E810081BC88 /* LibMap.m */ = {isa = PBXFileReference; fileEncoding = 4; lastKnownFileType = sourcecode.c.objc; path = LibMap.m; sourceTree = "<group>"; };
		A9C580B9171C663300F60071 /* greenColor.png */ = {isa = PBXFileReference; lastKnownFileType = image.png; path = greenColor.png; sourceTree = "<group>"; };
		A9C580C4171C67C500F60071 /* greenColor1.png */ = {isa = PBXFileReference; lastKnownFileType = image.png; path = greenColor1.png; sourceTree = "<group>"; };
		A9D0A50C176752500097E534 /* myVita copy.app */ = {isa = PBXFileReference; explicitFileType = wrapper.application; includeInIndex = 0; path = "myVita copy.app"; sourceTree = BUILT_PRODUCTS_DIR; };
		A9D0A50D176752500097E534 /* myVita copy2-Info.plist */ = {isa = PBXFileReference; lastKnownFileType = text.plist.xml; name = "myVita copy2-Info.plist"; path = "/Users/Marco/Documents/MyProjects/myVita/myVita copy2-Info.plist"; sourceTree = "<absolute>"; };
		A9D0A50E176752B40097E534 /* Logo Progetto Vita-114x114.png */ = {isa = PBXFileReference; lastKnownFileType = image.png; path = "Logo Progetto Vita-114x114.png"; sourceTree = "<group>"; };
		A9D0A510176752D70097E534 /* Logo Progetto Vita57x57.png */ = {isa = PBXFileReference; lastKnownFileType = image.png; path = "Logo Progetto Vita57x57.png"; sourceTree = "<group>"; };
/* End PBXFileReference section */

/* Begin PBXFrameworksBuildPhase section */
		A998118C171AF48100DA20AC /* Frameworks */ = {
			isa = PBXFrameworksBuildPhase;
			buildActionMask = 2147483647;
			files = (
				A998118D171AF48100DA20AC /* libsqlite3.0.dylib in Frameworks */,
				A998118E171AF48100DA20AC /* CoreLocation.framework in Frameworks */,
				A998118F171AF48100DA20AC /* MapKit.framework in Frameworks */,
				A9981190171AF48100DA20AC /* UIKit.framework in Frameworks */,
				A9981191171AF48100DA20AC /* Foundation.framework in Frameworks */,
				A9981192171AF48100DA20AC /* CoreGraphics.framework in Frameworks */,
			);
			runOnlyForDeploymentPostprocessing = 0;
		};
		A9A3144417023A7C0081BC88 /* Frameworks */ = {
			isa = PBXFrameworksBuildPhase;
			buildActionMask = 2147483647;
			files = (
				A98DE3811702430D00604EEF /* libsqlite3.0.dylib in Frameworks */,
				A9A3149317023B900081BC88 /* CoreLocation.framework in Frameworks */,
				A9A3149117023B240081BC88 /* MapKit.framework in Frameworks */,
				A9A3144B17023A7C0081BC88 /* UIKit.framework in Frameworks */,
				A9A3144D17023A7C0081BC88 /* Foundation.framework in Frameworks */,
				A9A3144F17023A7C0081BC88 /* CoreGraphics.framework in Frameworks */,
			);
			runOnlyForDeploymentPostprocessing = 0;
		};
		A9A3147417023A7C0081BC88 /* Frameworks */ = {
			isa = PBXFrameworksBuildPhase;
			buildActionMask = 2147483647;
			files = (
				A9A1F7A8171DF629008401FD /* CoreLocation.framework in Frameworks */,
				A9A3147A17023A7C0081BC88 /* SenTestingKit.framework in Frameworks */,
				A9A3147B17023A7C0081BC88 /* UIKit.framework in Frameworks */,
				A9A3147C17023A7C0081BC88 /* Foundation.framework in Frameworks */,
			);
			runOnlyForDeploymentPostprocessing = 0;
		};
		A9D0A4E7176752500097E534 /* Frameworks */ = {
			isa = PBXFrameworksBuildPhase;
			buildActionMask = 2147483647;
			files = (
				A9D0A4E8176752500097E534 /* libsqlite3.0.dylib in Frameworks */,
				A9D0A4E9176752500097E534 /* CoreLocation.framework in Frameworks */,
				A9D0A4EA176752500097E534 /* MapKit.framework in Frameworks */,
				A9D0A4EB176752500097E534 /* UIKit.framework in Frameworks */,
				A9D0A4EC176752500097E534 /* Foundation.framework in Frameworks */,
				A9D0A4ED176752500097E534 /* CoreGraphics.framework in Frameworks */,
			);
			runOnlyForDeploymentPostprocessing = 0;
		};
/* End PBXFrameworksBuildPhase section */

/* Begin PBXGroup section */
		A91D03B417241F8000428605 /* Test */ = {
			isa = PBXGroup;
			children = (
				A91D03B117241F7B00428605 /* TestLibFetchData.h */,
				A91D03B217241F7B00428605 /* TestLibFetchData.m */,
			);
			name = Test;
			sourceTree = "<group>";
		};
		A950890517034757006AC00F /* Location */ = {
			isa = PBXGroup;
			children = (
				A95089021703474B006AC00F /* Annotation.h */,
				A95089031703474B006AC00F /* Annotation.m */,
			);
			name = Location;
			sourceTree = "<group>";
		};
		A950890717034EDC006AC00F /* Controllers */ = {
			isa = PBXGroup;
			children = (
				A9A3146217023A7C0081BC88 /* MainStoryboard.storyboard */,
				A9A3146517023A7C0081BC88 /* FirstViewController.h */,
				A9A3146617023A7C0081BC88 /* FirstViewController.m */,
				A950890817034EF9006AC00F /* InfoViewController.h */,
				A950890917034EF9006AC00F /* InfoViewController.m */,
				A950890C17035A9F006AC00F /* DetailViewController.h */,
				A950890D17035A9F006AC00F /* DetailViewController.m */,
				A97E39C7170D82F90089F4A7 /* ProvaViewController.h */,
				A97E39C8170D82F90089F4A7 /* ProvaViewController.m */,
				A9656AFF173824270004F1F1 /* Test */,
			);
			name = Controllers;
			sourceTree = "<group>";
		};
		A9656AFE1738241D0004F1F1 /* Test */ = {
			isa = PBXGroup;
			children = (
				A9656AFB17380BAB0004F1F1 /* TestDatabase.h */,
				A9656AFC17380BAC0004F1F1 /* TestDatabase.m */,
			);
			name = Test;
			sourceTree = "<group>";
		};
		A9656AFF173824270004F1F1 /* Test */ = {
			isa = PBXGroup;
			children = (
				A9656B00173824490004F1F1 /* TestFirstViewController.h */,
				A9656B01173824490004F1F1 /* TestFirstViewController.m */,
			);
			name = Test;
			sourceTree = "<group>";
		};
		A98DE3851702432200604EEF /* Database */ = {
			isa = PBXGroup;
			children = (
				A98DE3821702431D00604EEF /* Database.h */,
				A98DE3831702431D00604EEF /* Database.m */,
				A9656AFE1738241D0004F1F1 /* Test */,
			);
			name = Database;
			sourceTree = "<group>";
		};
		A98DE389170247F400604EEF /* Model */ = {
			isa = PBXGroup;
			children = (
			);
			name = Model;
			sourceTree = "<group>";
		};
		A9999364173031E70070D259 /* Images */ = {
			isa = PBXGroup;
			children = (
				A926C758172F0B5800244B77 /* globe.png */,
				A98B3D4B172B277C001EAC04 /* Default-568h@2x.png */,
				A98B3D4C172B277C001EAC04 /* Default.png */,
				A98B3D4D172B277C001EAC04 /* Default@2x.png */,
				A998117D171AF46800DA20AC /* dae57x57.png */,
				A998117B171AF42F00DA20AC /* dae114x114.png */,
				A99811A5171C044200DA20AC /* loadingView.png */,
				A9C580B9171C663300F60071 /* greenColor.png */,
				A9C580C4171C67C500F60071 /* greenColor1.png */,
				A9157E151725A20C0001DACE /* loadingImage.png */,
				A9157E171725A3180001DACE /* Senza titolo-1.png */,
				A98B3D51172B2C14001EAC04 /* dae.png */,
				A98B3D53172B2DFD001EAC04 /* dae2.png */,
				A926C756172F0B2600244B77 /* 07-map-marker.png */,
				A926C75A172F0B6500244B77 /* 33-cabinet.png */,
				A926C75F172F0BD800244B77 /* globe@2x.png */,
			);
			name = Images;
			path = ..;
			sourceTree = "<group>";
		};
		A9A3143E17023A7C0081BC88 = {
			isa = PBXGroup;
			children = (
				A9D0A510176752D70097E534 /* Logo Progetto Vita57x57.png */,
				A9D0A50E176752B40097E534 /* Logo Progetto Vita-114x114.png */,
				A9A3145017023A7C0081BC88 /* myVita */,
				A9A3147F17023A7C0081BC88 /* myVitaTests */,
				A9A3144917023A7C0081BC88 /* Frameworks */,
				A9A3144817023A7C0081BC88 /* Products */,
				A99811A4171AF48100DA20AC /* myVita copy-Info.plist */,
				A9D0A50D176752500097E534 /* myVita copy2-Info.plist */,
			);
			sourceTree = "<group>";
		};
		A9A3144817023A7C0081BC88 /* Products */ = {
			isa = PBXGroup;
			children = (
				A9A3144717023A7C0081BC88 /* myVita.app */,
				A9A3147817023A7C0081BC88 /* myVitaTests.octest */,
				A99811A3171AF48100DA20AC /* myVita copy.app */,
				A9D0A50C176752500097E534 /* myVita copy.app */,
			);
			name = Products;
			sourceTree = "<group>";
		};
		A9A3144917023A7C0081BC88 /* Frameworks */ = {
			isa = PBXGroup;
			children = (
				A98DE3801702430D00604EEF /* libsqlite3.0.dylib */,
				A9A3149217023B900081BC88 /* CoreLocation.framework */,
				A9A3149017023B240081BC88 /* MapKit.framework */,
				A9A3144A17023A7C0081BC88 /* UIKit.framework */,
				A9A3144C17023A7C0081BC88 /* Foundation.framework */,
				A9A3144E17023A7C0081BC88 /* CoreGraphics.framework */,
				A9A3147917023A7C0081BC88 /* SenTestingKit.framework */,
			);
			name = Frameworks;
			sourceTree = "<group>";
		};
		A9A3145017023A7C0081BC88 /* myVita */ = {
			isa = PBXGroup;
			children = (
				A9999364173031E70070D259 /* Images */,
				A950890717034EDC006AC00F /* Controllers */,
				A950890517034757006AC00F /* Location */,
				A98DE3851702432200604EEF /* Database */,
				A98DE389170247F400604EEF /* Model */,
				A9A3149717023D160081BC88 /* Lib */,
				A9A3145917023A7C0081BC88 /* AppDelegate.h */,
				A9A3145A17023A7C0081BC88 /* AppDelegate.m */,
				A9A3146817023A7C0081BC88 /* first.png */,
				A9A3146A17023A7C0081BC88 /* first@2x.png */,
				A9A3146C17023A7C0081BC88 /* SecondViewController.h */,
				A9A3146D17023A7C0081BC88 /* SecondViewController.m */,
				A9A3146F17023A7C0081BC88 /* second.png */,
				A9A3147117023A7C0081BC88 /* second@2x.png */,
				A9A3145117023A7C0081BC88 /* Supporting Files */,
			);
			path = myVita;
			sourceTree = "<group>";
		};
		A9A3145117023A7C0081BC88 /* Supporting Files */ = {
			isa = PBXGroup;
			children = (
				A99F523E170C261000EB15E4 /* Database.rtf */,
				A9A3145217023A7C0081BC88 /* myVita-Info.plist */,
				A9A3145317023A7C0081BC88 /* InfoPlist.strings */,
				A9A3145617023A7C0081BC88 /* main.m */,
				A9A3145817023A7C0081BC88 /* myVita-Prefix.pch */,
				A9A3145C17023A7C0081BC88 /* Default.png */,
				A9A3145E17023A7C0081BC88 /* Default@2x.png */,
				A9A3146017023A7C0081BC88 /* Default-568h@2x.png */,
			);
			name = "Supporting Files";
			sourceTree = "<group>";
		};
		A9A3147F17023A7C0081BC88 /* myVitaTests */ = {
			isa = PBXGroup;
			children = (
				A9A3148517023A7C0081BC88 /* myVitaTests.h */,
				A9A3148617023A7C0081BC88 /* myVitaTests.m */,
				A9A3148017023A7C0081BC88 /* Supporting Files */,
			);
			path = myVitaTests;
			sourceTree = "<group>";
		};
		A9A3148017023A7C0081BC88 /* Supporting Files */ = {
			isa = PBXGroup;
			children = (
				A9A3148117023A7C0081BC88 /* myVitaTests-Info.plist */,
				A9A3148217023A7C0081BC88 /* InfoPlist.strings */,
			);
			name = "Supporting Files";
			sourceTree = "<group>";
		};
		A9A3149717023D160081BC88 /* Lib */ = {
			isa = PBXGroup;
			children = (
				A9A3149417023D130081BC88 /* LibLocation.h */,
				A9A3149517023D130081BC88 /* LibLocation.m */,
				A9A314C817023E810081BC88 /* LibMap.h */,
				A9A314C917023E810081BC88 /* LibMap.m */,
				A91D03AE17241D7900428605 /* LibFetchData.h */,
				A91D03AF17241D7900428605 /* LibFetchData.m */,
				A91D03B417241F8000428605 /* Test */,
			);
			name = Lib;
			sourceTree = "<group>";
		};
/* End PBXGroup section */

/* Begin PBXNativeTarget section */
		A998117F171AF48100DA20AC /* myVita DEBUG */ = {
			isa = PBXNativeTarget;
			buildConfigurationList = A99811A0171AF48100DA20AC /* Build configuration list for PBXNativeTarget "myVita DEBUG" */;
			buildPhases = (
				A9981180171AF48100DA20AC /* Sources */,
				A998118C171AF48100DA20AC /* Frameworks */,
				A9981193171AF48100DA20AC /* Resources */,
			);
			buildRules = (
			);
			dependencies = (
			);
			name = "myVita DEBUG";
			productName = myVita;
			productReference = A99811A3171AF48100DA20AC /* myVita copy.app */;
			productType = "com.apple.product-type.application";
		};
		A9A3144617023A7C0081BC88 /* myVita */ = {
			isa = PBXNativeTarget;
			buildConfigurationList = A9A3148A17023A7C0081BC88 /* Build configuration list for PBXNativeTarget "myVita" */;
			buildPhases = (
				A9A3144317023A7C0081BC88 /* Sources */,
				A9A3144417023A7C0081BC88 /* Frameworks */,
				A9A3144517023A7C0081BC88 /* Resources */,
			);
			buildRules = (
			);
			dependencies = (
			);
			name = myVita;
			productName = myVita;
			productReference = A9A3144717023A7C0081BC88 /* myVita.app */;
			productType = "com.apple.product-type.application";
		};
		A9A3147717023A7C0081BC88 /* myVitaTests */ = {
			isa = PBXNativeTarget;
			buildConfigurationList = A9A3148D17023A7C0081BC88 /* Build configuration list for PBXNativeTarget "myVitaTests" */;
			buildPhases = (
				A9A3147317023A7C0081BC88 /* Sources */,
				A9A3147417023A7C0081BC88 /* Frameworks */,
				A9A3147517023A7C0081BC88 /* Resources */,
				A9A3147617023A7C0081BC88 /* ShellScript */,
			);
			buildRules = (
			);
			dependencies = (
				A9A3147E17023A7C0081BC88 /* PBXTargetDependency */,
			);
			name = myVitaTests;
			productName = myVitaTests;
			productReference = A9A3147817023A7C0081BC88 /* myVitaTests.octest */;
			productType = "com.apple.product-type.bundle";
		};
		A9D0A4D9176752500097E534 /* myVita copy */ = {
			isa = PBXNativeTarget;
			buildConfigurationList = A9D0A509176752500097E534 /* Build configuration list for PBXNativeTarget "myVita copy" */;
			buildPhases = (
				A9D0A4DA176752500097E534 /* Sources */,
				A9D0A4E7176752500097E534 /* Frameworks */,
				A9D0A4EE176752500097E534 /* Resources */,
			);
			buildRules = (
			);
			dependencies = (
			);
			name = "myVita copy";
			productName = myVita;
			productReference = A9D0A50C176752500097E534 /* myVita copy.app */;
			productType = "com.apple.product-type.application";
		};
/* End PBXNativeTarget section */

/* Begin PBXProject section */
		A9A3143F17023A7C0081BC88 /* Project object */ = {
			isa = PBXProject;
			attributes = {
				LastUpgradeCheck = 0460;
				ORGANIZATIONNAME = Algos;
			};
			buildConfigurationList = A9A3144217023A7C0081BC88 /* Build configuration list for PBXProject "myVita" */;
			compatibilityVersion = "Xcode 3.2";
			developmentRegion = English;
			hasScannedForEncodings = 0;
			knownRegions = (
				en,
			);
			mainGroup = A9A3143E17023A7C0081BC88;
			productRefGroup = A9A3144817023A7C0081BC88 /* Products */;
			projectDirPath = "";
			projectRoot = "";
			targets = (
				A9A3144617023A7C0081BC88 /* myVita */,
				A9A3147717023A7C0081BC88 /* myVitaTests */,
				A998117F171AF48100DA20AC /* myVita DEBUG */,
				A9D0A4D9176752500097E534 /* myVita copy */,
			);
		};
/* End PBXProject section */

/* Begin PBXResourcesBuildPhase section */
		A9981193171AF48100DA20AC /* Resources */ = {
			isa = PBXResourcesBuildPhase;
			buildActionMask = 2147483647;
			files = (
				A9981194171AF48100DA20AC /* InfoPlist.strings in Resources */,
				A9981195171AF48100DA20AC /* Default.png in Resources */,
				A9981196171AF48100DA20AC /* Default@2x.png in Resources */,
				A9981197171AF48100DA20AC /* Default-568h@2x.png in Resources */,
				A9981198171AF48100DA20AC /* MainStoryboard.storyboard in Resources */,
				A9981199171AF48100DA20AC /* first.png in Resources */,
				A998119A171AF48100DA20AC /* first@2x.png in Resources */,
				A998119B171AF48100DA20AC /* second.png in Resources */,
				A998119C171AF48100DA20AC /* second@2x.png in Resources */,
				A998119D171AF48100DA20AC /* Database.rtf in Resources */,
				A998119E171AF48100DA20AC /* dae114x114.png in Resources */,
				A998119F171AF48100DA20AC /* dae57x57.png in Resources */,
			);
			runOnlyForDeploymentPostprocessing = 0;
		};
		A9A3144517023A7C0081BC88 /* Resources */ = {
			isa = PBXResourcesBuildPhase;
			buildActionMask = 2147483647;
			files = (
				A9A3145517023A7C0081BC88 /* InfoPlist.strings in Resources */,
				A9A3145D17023A7C0081BC88 /* Default.png in Resources */,
				A9A3145F17023A7C0081BC88 /* Default@2x.png in Resources */,
				A9A3146117023A7C0081BC88 /* Default-568h@2x.png in Resources */,
				A9A3146417023A7C0081BC88 /* MainStoryboard.storyboard in Resources */,
				A9A3146917023A7C0081BC88 /* first.png in Resources */,
				A9A3146B17023A7C0081BC88 /* first@2x.png in Resources */,
				A9A3147017023A7C0081BC88 /* second.png in Resources */,
				A9A3147217023A7C0081BC88 /* second@2x.png in Resources */,
				A99F523F170C261000EB15E4 /* Database.rtf in Resources */,
				A998117C171AF42F00DA20AC /* dae114x114.png in Resources */,
				A998117E171AF46800DA20AC /* dae57x57.png in Resources */,
				A99811A6171C044200DA20AC /* loadingView.png in Resources */,
				A9C580BA171C663300F60071 /* greenColor.png in Resources */,
				A9C580C5171C67C500F60071 /* greenColor1.png in Resources */,
				A9157E161725A20C0001DACE /* loadingImage.png in Resources */,
				A9157E181725A3180001DACE /* Senza titolo-1.png in Resources */,
				A98B3D4E172B277C001EAC04 /* Default-568h@2x.png in Resources */,
				A98B3D4F172B277C001EAC04 /* Default.png in Resources */,
				A98B3D50172B277C001EAC04 /* Default@2x.png in Resources */,
				A98B3D52172B2C15001EAC04 /* dae.png in Resources */,
				A98B3D54172B2DFD001EAC04 /* dae2.png in Resources */,
				A926C757172F0B2600244B77 /* 07-map-marker.png in Resources */,
				A926C759172F0B5800244B77 /* globe.png in Resources */,
				A926C75B172F0B6500244B77 /* 33-cabinet.png in Resources */,
				A926C760172F0BD800244B77 /* globe@2x.png in Resources */,
			);
			runOnlyForDeploymentPostprocessing = 0;
		};
		A9A3147517023A7C0081BC88 /* Resources */ = {
			isa = PBXResourcesBuildPhase;
			buildActionMask = 2147483647;
			files = (
				A9A3148417023A7C0081BC88 /* InfoPlist.strings in Resources */,
			);
			runOnlyForDeploymentPostprocessing = 0;
		};
		A9D0A4EE176752500097E534 /* Resources */ = {
			isa = PBXResourcesBuildPhase;
			buildActionMask = 2147483647;
			files = (
				A9D0A4EF176752500097E534 /* InfoPlist.strings in Resources */,
				A9D0A4F0176752500097E534 /* Default.png in Resources */,
				A9D0A4F1176752500097E534 /* Default@2x.png in Resources */,
				A9D0A4F2176752500097E534 /* Default-568h@2x.png in Resources */,
				A9D0A4F3176752500097E534 /* MainStoryboard.storyboard in Resources */,
				A9D0A4F4176752500097E534 /* first.png in Resources */,
				A9D0A4F5176752500097E534 /* first@2x.png in Resources */,
				A9D0A4F6176752500097E534 /* second.png in Resources */,
				A9D0A4F7176752500097E534 /* second@2x.png in Resources */,
				A9D0A4F8176752500097E534 /* Database.rtf in Resources */,
				A9D0A4F9176752500097E534 /* dae114x114.png in Resources */,
				A9D0A4FA176752500097E534 /* dae57x57.png in Resources */,
				A9D0A4FB176752500097E534 /* loadingView.png in Resources */,
				A9D0A4FC176752500097E534 /* greenColor.png in Resources */,
				A9D0A4FD176752500097E534 /* greenColor1.png in Resources */,
				A9D0A4FE176752500097E534 /* loadingImage.png in Resources */,
				A9D0A4FF176752500097E534 /* Senza titolo-1.png in Resources */,
				A9D0A500176752500097E534 /* Default-568h@2x.png in Resources */,
				A9D0A501176752500097E534 /* Default.png in Resources */,
				A9D0A502176752500097E534 /* Default@2x.png in Resources */,
				A9D0A503176752500097E534 /* dae.png in Resources */,
				A9D0A504176752500097E534 /* dae2.png in Resources */,
				A9D0A505176752500097E534 /* 07-map-marker.png in Resources */,
				A9D0A506176752500097E534 /* globe.png in Resources */,
				A9D0A507176752500097E534 /* 33-cabinet.png in Resources */,
				A9D0A508176752500097E534 /* globe@2x.png in Resources */,
				A9D0A50F176752B40097E534 /* Logo Progetto Vita-114x114.png in Resources */,
				A9D0A511176752D70097E534 /* Logo Progetto Vita57x57.png in Resources */,
			);
			runOnlyForDeploymentPostprocessing = 0;
		};
/* End PBXResourcesBuildPhase section */

/* Begin PBXShellScriptBuildPhase section */
		A9A3147617023A7C0081BC88 /* ShellScript */ = {
			isa = PBXShellScriptBuildPhase;
			buildActionMask = 2147483647;
			files = (
			);
			inputPaths = (
			);
			outputPaths = (
			);
			runOnlyForDeploymentPostprocessing = 0;
			shellPath = /bin/sh;
			shellScript = "# Run the unit tests in this test bundle.\n\"${SYSTEM_DEVELOPER_DIR}/Tools/RunUnitTests\"\n";
		};
/* End PBXShellScriptBuildPhase section */

/* Begin PBXSourcesBuildPhase section */
		A9981180171AF48100DA20AC /* Sources */ = {
			isa = PBXSourcesBuildPhase;
			buildActionMask = 2147483647;
			files = (
				A9981181171AF48100DA20AC /* main.m in Sources */,
				A9981182171AF48100DA20AC /* AppDelegate.m in Sources */,
				A9981183171AF48100DA20AC /* FirstViewController.m in Sources */,
				A9981184171AF48100DA20AC /* SecondViewController.m in Sources */,
				A9981185171AF48100DA20AC /* LibLocation.m in Sources */,
				A9981186171AF48100DA20AC /* LibMap.m in Sources */,
				A9981187171AF48100DA20AC /* Database.m in Sources */,
				A9981188171AF48100DA20AC /* Annotation.m in Sources */,
				A9981189171AF48100DA20AC /* InfoViewController.m in Sources */,
				A998118A171AF48100DA20AC /* DetailViewController.m in Sources */,
				A998118B171AF48100DA20AC /* ProvaViewController.m in Sources */,
			);
			runOnlyForDeploymentPostprocessing = 0;
		};
		A9A3144317023A7C0081BC88 /* Sources */ = {
			isa = PBXSourcesBuildPhase;
			buildActionMask = 2147483647;
			files = (
				A9A3145717023A7C0081BC88 /* main.m in Sources */,
				A9A3145B17023A7C0081BC88 /* AppDelegate.m in Sources */,
				A9A3146717023A7C0081BC88 /* FirstViewController.m in Sources */,
				A9A3146E17023A7C0081BC88 /* SecondViewController.m in Sources */,
				A9A3149617023D130081BC88 /* LibLocation.m in Sources */,
				A9A314CA17023E810081BC88 /* LibMap.m in Sources */,
				A98DE3841702431D00604EEF /* Database.m in Sources */,
				A95089041703474B006AC00F /* Annotation.m in Sources */,
				A950890A17034EF9006AC00F /* InfoViewController.m in Sources */,
				A950890E17035A9F006AC00F /* DetailViewController.m in Sources */,
				A97E39C9170D82F90089F4A7 /* ProvaViewController.m in Sources */,
				A91D03B017241D7900428605 /* LibFetchData.m in Sources */,
			);
			runOnlyForDeploymentPostprocessing = 0;
		};
		A9A3147317023A7C0081BC88 /* Sources */ = {
			isa = PBXSourcesBuildPhase;
			buildActionMask = 2147483647;
			files = (
				A9A3148717023A7C0081BC88 /* myVitaTests.m in Sources */,
				A91D03B317241F7B00428605 /* TestLibFetchData.m in Sources */,
				A9656AFD17380BAC0004F1F1 /* TestDatabase.m in Sources */,
				A9656B02173824490004F1F1 /* TestFirstViewController.m in Sources */,
			);
			runOnlyForDeploymentPostprocessing = 0;
		};
		A9D0A4DA176752500097E534 /* Sources */ = {
			isa = PBXSourcesBuildPhase;
			buildActionMask = 2147483647;
			files = (
				A9D0A4DB176752500097E534 /* main.m in Sources */,
				A9D0A4DC176752500097E534 /* AppDelegate.m in Sources */,
				A9D0A4DD176752500097E534 /* FirstViewController.m in Sources */,
				A9D0A4DE176752500097E534 /* SecondViewController.m in Sources */,
				A9D0A4DF176752500097E534 /* LibLocation.m in Sources */,
				A9D0A4E0176752500097E534 /* LibMap.m in Sources */,
				A9D0A4E1176752500097E534 /* Database.m in Sources */,
				A9D0A4E2176752500097E534 /* Annotation.m in Sources */,
				A9D0A4E3176752500097E534 /* InfoViewController.m in Sources */,
				A9D0A4E4176752500097E534 /* DetailViewController.m in Sources */,
				A9D0A4E5176752500097E534 /* ProvaViewController.m in Sources */,
				A9D0A4E6176752500097E534 /* LibFetchData.m in Sources */,
			);
			runOnlyForDeploymentPostprocessing = 0;
		};
/* End PBXSourcesBuildPhase section */

/* Begin PBXTargetDependency section */
		A9A3147E17023A7C0081BC88 /* PBXTargetDependency */ = {
			isa = PBXTargetDependency;
			target = A9A3144617023A7C0081BC88 /* myVita */;
			targetProxy = A9A3147D17023A7C0081BC88 /* PBXContainerItemProxy */;
		};
/* End PBXTargetDependency section */

/* Begin PBXVariantGroup section */
		A9A3145317023A7C0081BC88 /* InfoPlist.strings */ = {
			isa = PBXVariantGroup;
			children = (
				A9A3145417023A7C0081BC88 /* en */,
			);
			name = InfoPlist.strings;
			sourceTree = "<group>";
		};
		A9A3146217023A7C0081BC88 /* MainStoryboard.storyboard */ = {
			isa = PBXVariantGroup;
			children = (
				A9A3146317023A7C0081BC88 /* en */,
			);
			name = MainStoryboard.storyboard;
			sourceTree = "<group>";
		};
		A9A3148217023A7C0081BC88 /* InfoPlist.strings */ = {
			isa = PBXVariantGroup;
			children = (
				A9A3148317023A7C0081BC88 /* en */,
			);
			name = InfoPlist.strings;
			sourceTree = "<group>";
		};
/* End PBXVariantGroup section */

/* Begin XCBuildConfiguration section */
		A99811A1171AF48100DA20AC /* Debug */ = {
			isa = XCBuildConfiguration;
			buildSettings = {
				GCC_PRECOMPILE_PREFIX_HEADER = YES;
				GCC_PREFIX_HEADER = "myVita/myVita-Prefix.pch";
				INFOPLIST_FILE = "myVita copy-Info.plist";
				PRODUCT_NAME = "myVita copy";
				WRAPPER_EXTENSION = app;
			};
			name = Debug;
		};
		A99811A2171AF48100DA20AC /* Release */ = {
			isa = XCBuildConfiguration;
			buildSettings = {
				GCC_PRECOMPILE_PREFIX_HEADER = YES;
				GCC_PREFIX_HEADER = "myVita/myVita-Prefix.pch";
				INFOPLIST_FILE = "myVita copy-Info.plist";
				PRODUCT_NAME = "myVita copy";
				WRAPPER_EXTENSION = app;
			};
			name = Release;
		};
		A9A3148817023A7C0081BC88 /* Debug */ = {
			isa = XCBuildConfiguration;
			buildSettings = {
				ALWAYS_SEARCH_USER_PATHS = NO;
				CLANG_CXX_LANGUAGE_STANDARD = "gnu++0x";
				CLANG_CXX_LIBRARY = "libc++";
				CLANG_WARN_CONSTANT_CONVERSION = YES;
				CLANG_WARN_EMPTY_BODY = YES;
				CLANG_WARN_ENUM_CONVERSION = YES;
				CLANG_WARN_INT_CONVERSION = YES;
				CLANG_WARN__DUPLICATE_METHOD_MATCH = YES;
				"CODE_SIGN_IDENTITY[sdk=iphoneos*]" = "iPhone Developer";
				COPY_PHASE_STRIP = NO;
				GCC_C_LANGUAGE_STANDARD = gnu99;
				GCC_DYNAMIC_NO_PIC = NO;
				GCC_OPTIMIZATION_LEVEL = 0;
				GCC_PREPROCESSOR_DEFINITIONS = (
					"DEBUG=1",
					"$(inherited)",
				);
				GCC_SYMBOLS_PRIVATE_EXTERN = NO;
				GCC_WARN_ABOUT_RETURN_TYPE = YES;
				GCC_WARN_UNINITIALIZED_AUTOS = YES;
				GCC_WARN_UNUSED_VARIABLE = YES;
				IPHONEOS_DEPLOYMENT_TARGET = 6.1;
				ONLY_ACTIVE_ARCH = YES;
				SDKROOT = iphoneos;
			};
			name = Debug;
		};
		A9A3148917023A7C0081BC88 /* Release */ = {
			isa = XCBuildConfiguration;
			buildSettings = {
				ALWAYS_SEARCH_USER_PATHS = NO;
				CLANG_CXX_LANGUAGE_STANDARD = "gnu++0x";
				CLANG_CXX_LIBRARY = "libc++";
				CLANG_WARN_CONSTANT_CONVERSION = YES;
				CLANG_WARN_EMPTY_BODY = YES;
				CLANG_WARN_ENUM_CONVERSION = YES;
				CLANG_WARN_INT_CONVERSION = YES;
				CLANG_WARN__DUPLICATE_METHOD_MATCH = YES;
				"CODE_SIGN_IDENTITY[sdk=iphoneos*]" = "iPhone Developer";
				COPY_PHASE_STRIP = YES;
				GCC_C_LANGUAGE_STANDARD = gnu99;
				GCC_WARN_ABOUT_RETURN_TYPE = YES;
				GCC_WARN_UNINITIALIZED_AUTOS = YES;
				GCC_WARN_UNUSED_VARIABLE = YES;
				IPHONEOS_DEPLOYMENT_TARGET = 6.1;
				OTHER_CFLAGS = "-DNS_BLOCK_ASSERTIONS=1";
				SDKROOT = iphoneos;
				VALIDATE_PRODUCT = YES;
			};
			name = Release;
		};
		A9A3148B17023A7C0081BC88 /* Debug */ = {
			isa = XCBuildConfiguration;
			buildSettings = {
				GCC_PRECOMPILE_PREFIX_HEADER = YES;
				GCC_PREFIX_HEADER = "myVita/myVita-Prefix.pch";
				INFOPLIST_FILE = "myVita/myVita-Info.plist";
				PRODUCT_NAME = "$(TARGET_NAME)";
				WRAPPER_EXTENSION = app;
			};
			name = Debug;
		};
		A9A3148C17023A7C0081BC88 /* Release */ = {
			isa = XCBuildConfiguration;
			buildSettings = {
				GCC_PRECOMPILE_PREFIX_HEADER = YES;
				GCC_PREFIX_HEADER = "myVita/myVita-Prefix.pch";
				INFOPLIST_FILE = "myVita/myVita-Info.plist";
				PRODUCT_NAME = "$(TARGET_NAME)";
				WRAPPER_EXTENSION = app;
			};
			name = Release;
		};
		A9A3148E17023A7C0081BC88 /* Debug */ = {
			isa = XCBuildConfiguration;
			buildSettings = {
				BUNDLE_LOADER = "$(BUILT_PRODUCTS_DIR)/myVita.app/myVita";
				FRAMEWORK_SEARCH_PATHS = (
					"\"$(SDKROOT)/Developer/Library/Frameworks\"",
					"\"$(DEVELOPER_LIBRARY_DIR)/Frameworks\"",
				);
				GCC_PRECOMPILE_PREFIX_HEADER = YES;
				GCC_PREFIX_HEADER = "myVita/myVita-Prefix.pch";
				INFOPLIST_FILE = "myVitaTests/myVitaTests-Info.plist";
				PRODUCT_NAME = "$(TARGET_NAME)";
				TEST_HOST = "$(BUNDLE_LOADER)";
				WRAPPER_EXTENSION = octest;
			};
			name = Debug;
		};
		A9A3148F17023A7C0081BC88 /* Release */ = {
			isa = XCBuildConfiguration;
			buildSettings = {
				BUNDLE_LOADER = "$(BUILT_PRODUCTS_DIR)/myVita.app/myVita";
				FRAMEWORK_SEARCH_PATHS = (
					"\"$(SDKROOT)/Developer/Library/Frameworks\"",
					"\"$(DEVELOPER_LIBRARY_DIR)/Frameworks\"",
				);
				GCC_PRECOMPILE_PREFIX_HEADER = YES;
				GCC_PREFIX_HEADER = "myVita/myVita-Prefix.pch";
				INFOPLIST_FILE = "myVitaTests/myVitaTests-Info.plist";
				PRODUCT_NAME = "$(TARGET_NAME)";
				TEST_HOST = "$(BUNDLE_LOADER)";
				WRAPPER_EXTENSION = octest;
			};
			name = Release;
		};
		A9D0A50A176752500097E534 /* Debug */ = {
			isa = XCBuildConfiguration;
			buildSettings = {
				GCC_PRECOMPILE_PREFIX_HEADER = YES;
				GCC_PREFIX_HEADER = "myVita/myVita-Prefix.pch";
				INFOPLIST_FILE = "myVita copy2-Info.plist";
				PRODUCT_NAME = "myVita copy";
				WRAPPER_EXTENSION = app;
			};
			name = Debug;
		};
		A9D0A50B176752500097E534 /* Release */ = {
			isa = XCBuildConfiguration;
			buildSettings = {
				GCC_PRECOMPILE_PREFIX_HEADER = YES;
				GCC_PREFIX_HEADER = "myVita/myVita-Prefix.pch";
				INFOPLIST_FILE = "myVita copy2-Info.plist";
				PRODUCT_NAME = "myVita copy";
				WRAPPER_EXTENSION = app;
			};
			name = Release;
		};
/* End XCBuildConfiguration section */

/* Begin XCConfigurationList section */
		A99811A0171AF48100DA20AC /* Build configuration list for PBXNativeTarget "myVita DEBUG" */ = {
			isa = XCConfigurationList;
			buildConfigurations = (
				A99811A1171AF48100DA20AC /* Debug */,
				A99811A2171AF48100DA20AC /* Release */,
			);
			defaultConfigurationIsVisible = 0;
			defaultConfigurationName = Release;
		};
		A9A3144217023A7C0081BC88 /* Build configuration list for PBXProject "myVita" */ = {
			isa = XCConfigurationList;
			buildConfigurations = (
				A9A3148817023A7C0081BC88 /* Debug */,
				A9A3148917023A7C0081BC88 /* Release */,
			);
			defaultConfigurationIsVisible = 0;
			defaultConfigurationName = Release;
		};
		A9A3148A17023A7C0081BC88 /* Build configuration list for PBXNativeTarget "myVita" */ = {
			isa = XCConfigurationList;
			buildConfigurations = (
				A9A3148B17023A7C0081BC88 /* Debug */,
				A9A3148C17023A7C0081BC88 /* Release */,
			);
			defaultConfigurationIsVisible = 0;
			defaultConfigurationName = Release;
		};
		A9A3148D17023A7C0081BC88 /* Build configuration list for PBXNativeTarget "myVitaTests" */ = {
			isa = XCConfigurationList;
			buildConfigurations = (
				A9A3148E17023A7C0081BC88 /* Debug */,
				A9A3148F17023A7C0081BC88 /* Release */,
			);
			defaultConfigurationIsVisible = 0;
			defaultConfigurationName = Release;
		};
		A9D0A509176752500097E534 /* Build configuration list for PBXNativeTarget "myVita copy" */ = {
			isa = XCConfigurationList;
			buildConfigurations = (
				A9D0A50A176752500097E534 /* Debug */,
				A9D0A50B176752500097E534 /* Release */,
			);
			defaultConfigurationIsVisible = 0;
			defaultConfigurationName = Release;
		};
/* End XCConfigurationList section */
	};
	rootObject = A9A3143F17023A7C0081BC88 /* Project object */;
}
